// !$*UTF8*$!
{
	archiveVersion = 1;
	classes = {
	};
	objectVersion = 46;
	objects = {

/* Begin PBXBuildFile section */
		595218011F61E34E001A94A2 /* SocketUtils.swift in Sources */ = {isa = PBXBuildFile; fileRef = 595217FC1F61E34E001A94A2 /* SocketUtils.swift */; };
		595218041F61E34E001A94A2 /* Socket.swift in Sources */ = {isa = PBXBuildFile; fileRef = 595217FF1F61E34E001A94A2 /* Socket.swift */; };
		595218051F61E34E001A94A2 /* SocketProtocols.swift in Sources */ = {isa = PBXBuildFile; fileRef = 595218001F61E34E001A94A2 /* SocketProtocols.swift */; };
		5952180B1F61E84E001A94A2 /* Socket.h in Headers */ = {isa = PBXBuildFile; fileRef = 595218091F61E84E001A94A2 /* Socket.h */; settings = {ATTRIBUTES = (Public, ); }; };
		8C51FD591E7C8C8A00C2FDA6 /* BlueSocket.podspec in Resources */ = {isa = PBXBuildFile; fileRef = 8C51FD581E7C8C8A00C2FDA6 /* BlueSocket.podspec */; };
		8C5605D21D50D60400958292 /* Socket.framework in Frameworks */ = {isa = PBXBuildFile; fileRef = 8C0F4BF61C4E84CC008B2B0A /* Socket.framework */; };
		8C5FEE911FC319F7002F4CAA /* Socket.swift in Sources */ = {isa = PBXBuildFile; fileRef = 595217FF1F61E34E001A94A2 /* Socket.swift */; };
		8C5FEE921FC319F7002F4CAA /* SocketProtocols.swift in Sources */ = {isa = PBXBuildFile; fileRef = 595218001F61E34E001A94A2 /* SocketProtocols.swift */; };
		8C5FEE931FC319F7002F4CAA /* SocketUtils.swift in Sources */ = {isa = PBXBuildFile; fileRef = 595217FC1F61E34E001A94A2 /* SocketUtils.swift */; };
		8C5FEE961FC319F7002F4CAA /* Socket.h in Headers */ = {isa = PBXBuildFile; fileRef = 595218091F61E84E001A94A2 /* Socket.h */; settings = {ATTRIBUTES = (Public, ); }; };
		8C62D4BD1F66D99300F2B7A7 /* Socket.swift in Sources */ = {isa = PBXBuildFile; fileRef = 595217FF1F61E34E001A94A2 /* Socket.swift */; };
		8C62D4BE1F66D99300F2B7A7 /* SocketProtocols.swift in Sources */ = {isa = PBXBuildFile; fileRef = 595218001F61E34E001A94A2 /* SocketProtocols.swift */; };
		8C62D4BF1F66D99300F2B7A7 /* SocketUtils.swift in Sources */ = {isa = PBXBuildFile; fileRef = 595217FC1F61E34E001A94A2 /* SocketUtils.swift */; };
		8C62D4C01F66D9B000F2B7A7 /* Socket.h in Headers */ = {isa = PBXBuildFile; fileRef = 595218091F61E84E001A94A2 /* Socket.h */; settings = {ATTRIBUTES = (Public, ); }; };
		8C8540B21E9FC1DE00E41C1D /* VerifyLinuxTestCount.swift in Sources */ = {isa = PBXBuildFile; fileRef = 8C8540B01E9FC14E00E41C1D /* VerifyLinuxTestCount.swift */; };
		8CC7217B1D4BCB1D00F5FD19 /* LICENSE in Resources */ = {isa = PBXBuildFile; fileRef = 8CC7217A1D4BCB1D00F5FD19 /* LICENSE */; };
		8CF04E291D4FCE4A00C27814 /* SocketTests.swift in Sources */ = {isa = PBXBuildFile; fileRef = 8CC721761D4BCA9400F5FD19 /* SocketTests.swift */; };
/* End PBXBuildFile section */

/* Begin PBXContainerItemProxy section */
		8CA9B1691C98A00400E607FB /* PBXContainerItemProxy */ = {
			isa = PBXContainerItemProxy;
			containerPortal = 8C0F4BED1C4E84CC008B2B0A /* Project object */;
			proxyType = 1;
			remoteGlobalIDString = 8C0F4BF51C4E84CC008B2B0A;
			remoteInfo = BlueSocket;
		};
/* End PBXContainerItemProxy section */

/* Begin PBXFileReference section */
		595217FC1F61E34E001A94A2 /* SocketUtils.swift */ = {isa = PBXFileReference; fileEncoding = 4; lastKnownFileType = sourcecode.swift; name = SocketUtils.swift; path = Socket/SocketUtils.swift; sourceTree = "<group>"; };
		595217FF1F61E34E001A94A2 /* Socket.swift */ = {isa = PBXFileReference; fileEncoding = 4; lastKnownFileType = sourcecode.swift; name = Socket.swift; path = Socket/Socket.swift; sourceTree = "<group>"; };
		595218001F61E34E001A94A2 /* SocketProtocols.swift */ = {isa = PBXFileReference; fileEncoding = 4; lastKnownFileType = sourcecode.swift; name = SocketProtocols.swift; path = Socket/SocketProtocols.swift; sourceTree = "<group>"; };
		595218091F61E84E001A94A2 /* Socket.h */ = {isa = PBXFileReference; fileEncoding = 4; lastKnownFileType = sourcecode.c.h; name = Socket.h; path = Socket/Socket.h; sourceTree = "<group>"; };
		5952180C1F61E8A2001A94A2 /* Info.plist */ = {isa = PBXFileReference; fileEncoding = 4; lastKnownFileType = text.plist.xml; name = Info.plist; path = Socket/Info.plist; sourceTree = "<group>"; };
		8C0F4BF61C4E84CC008B2B0A /* Socket.framework */ = {isa = PBXFileReference; explicitFileType = wrapper.framework; includeInIndex = 0; path = Socket.framework; sourceTree = BUILT_PRODUCTS_DIR; };
		8C0F4C081C4E866E008B2B0A /* Package.swift */ = {isa = PBXFileReference; lastKnownFileType = sourcecode.swift; path = Package.swift; sourceTree = "<group>"; };
		8C51FD581E7C8C8A00C2FDA6 /* BlueSocket.podspec */ = {isa = PBXFileReference; fileEncoding = 4; lastKnownFileType = text; path = BlueSocket.podspec; sourceTree = "<group>"; };
		8C5FEE9B1FC319F7002F4CAA /* Socket.framework */ = {isa = PBXFileReference; explicitFileType = wrapper.framework; includeInIndex = 0; path = Socket.framework; sourceTree = BUILT_PRODUCTS_DIR; };
		8C8540B01E9FC14E00E41C1D /* VerifyLinuxTestCount.swift */ = {isa = PBXFileReference; fileEncoding = 4; lastKnownFileType = sourcecode.swift; name = VerifyLinuxTestCount.swift; path = Tests/SocketTests/VerifyLinuxTestCount.swift; sourceTree = "<group>"; };
		8CA9B1631C98A00400E607FB /* SocketTests.xctest */ = {isa = PBXFileReference; explicitFileType = wrapper.cfbundle; includeInIndex = 0; path = SocketTests.xctest; sourceTree = BUILT_PRODUCTS_DIR; };
		8CC36E021C4EA1BE00BAA659 /* Socket.framework */ = {isa = PBXFileReference; explicitFileType = wrapper.framework; includeInIndex = 0; path = Socket.framework; sourceTree = BUILT_PRODUCTS_DIR; };
		8CC36E041C4EA34700BAA659 /* README.md */ = {isa = PBXFileReference; fileEncoding = 4; lastKnownFileType = net.daringfireball.markdown; path = README.md; sourceTree = "<group>"; };
		8CC721761D4BCA9400F5FD19 /* SocketTests.swift */ = {isa = PBXFileReference; fileEncoding = 4; lastKnownFileType = sourcecode.swift; name = SocketTests.swift; path = Tests/SocketTests/SocketTests.swift; sourceTree = "<group>"; };
		8CC721781D4BCAA600F5FD19 /* LinuxMain.swift */ = {isa = PBXFileReference; fileEncoding = 4; lastKnownFileType = sourcecode.swift; name = LinuxMain.swift; path = Tests/LinuxMain.swift; sourceTree = "<group>"; };
		8CC7217A1D4BCB1D00F5FD19 /* LICENSE */ = {isa = PBXFileReference; fileEncoding = 4; lastKnownFileType = text; path = LICENSE; sourceTree = "<group>"; };
		8CF04E231D4BD03D00C27814 /* Info.plist */ = {isa = PBXFileReference; fileEncoding = 4; lastKnownFileType = text.plist.xml; name = Info.plist; path = Tests/SocketTests/Info.plist; sourceTree = "<group>"; };
/* End PBXFileReference section */

/* Begin PBXFrameworksBuildPhase section */
		8C0F4BF21C4E84CC008B2B0A /* Frameworks */ = {
			isa = PBXFrameworksBuildPhase;
			buildActionMask = 2147483647;
			files = (
			);
			runOnlyForDeploymentPostprocessing = 0;
		};
		8C5FEE941FC319F7002F4CAA /* Frameworks */ = {
			isa = PBXFrameworksBuildPhase;
			buildActionMask = 2147483647;
			files = (
			);
			runOnlyForDeploymentPostprocessing = 0;
		};
		8CA9B1601C98A00400E607FB /* Frameworks */ = {
			isa = PBXFrameworksBuildPhase;
			buildActionMask = 2147483647;
			files = (
				8C5605D21D50D60400958292 /* Socket.framework in Frameworks */,
			);
			runOnlyForDeploymentPostprocessing = 0;
		};
		8CC36DFB1C4EA1BE00BAA659 /* Frameworks */ = {
			isa = PBXFrameworksBuildPhase;
			buildActionMask = 2147483647;
			files = (
			);
			runOnlyForDeploymentPostprocessing = 0;
		};
/* End PBXFrameworksBuildPhase section */

/* Begin PBXGroup section */
		8C0F4BEC1C4E84CC008B2B0A = {
			isa = PBXGroup;
			children = (
				8C51FD581E7C8C8A00C2FDA6 /* BlueSocket.podspec */,
				8CC7217A1D4BCB1D00F5FD19 /* LICENSE */,
				8C0F4C081C4E866E008B2B0A /* Package.swift */,
				8CC36E041C4EA34700BAA659 /* README.md */,
				8C0F4BF81C4E84CC008B2B0A /* Sources */,
				8CF2D7371C989EE0000A7D2B /* Tests */,
				8C0F4BF71C4E84CC008B2B0A /* Products */,
			);
			sourceTree = "<group>";
			usesTabs = 1;
		};
		8C0F4BF71C4E84CC008B2B0A /* Products */ = {
			isa = PBXGroup;
			children = (
				8C0F4BF61C4E84CC008B2B0A /* Socket.framework */,
				8CC36E021C4EA1BE00BAA659 /* Socket.framework */,
				8CA9B1631C98A00400E607FB /* SocketTests.xctest */,
				8C5FEE9B1FC319F7002F4CAA /* Socket.framework */,
			);
			name = Products;
			sourceTree = "<group>";
		};
		8C0F4BF81C4E84CC008B2B0A /* Sources */ = {
			isa = PBXGroup;
			children = (
				595217FF1F61E34E001A94A2 /* Socket.swift */,
				595218001F61E34E001A94A2 /* SocketProtocols.swift */,
				595217FC1F61E34E001A94A2 /* SocketUtils.swift */,
				8C0F4C011C4E85F7008B2B0A /* Supporting Files */,
			);
			path = Sources;
			sourceTree = "<group>";
		};
		8C0F4C011C4E85F7008B2B0A /* Supporting Files */ = {
			isa = PBXGroup;
			children = (
				595218091F61E84E001A94A2 /* Socket.h */,
				5952180C1F61E8A2001A94A2 /* Info.plist */,
			);
			name = "Supporting Files";
			sourceTree = "<group>";
		};
		8CC721751D4BCA7D00F5FD19 /* SocketTests */ = {
			isa = PBXGroup;
			children = (
				8CF04E231D4BD03D00C27814 /* Info.plist */,
				8CC721761D4BCA9400F5FD19 /* SocketTests.swift */,
				8C8540B01E9FC14E00E41C1D /* VerifyLinuxTestCount.swift */,
			);
			name = SocketTests;
			sourceTree = "<group>";
		};
		8CF2D7371C989EE0000A7D2B /* Tests */ = {
			isa = PBXGroup;
			children = (
				8CC721781D4BCAA600F5FD19 /* LinuxMain.swift */,
				8CC721751D4BCA7D00F5FD19 /* SocketTests */,
			);
			name = Tests;
			sourceTree = "<group>";
		};
/* End PBXGroup section */

/* Begin PBXHeadersBuildPhase section */
		8C0F4BF31C4E84CC008B2B0A /* Headers */ = {
			isa = PBXHeadersBuildPhase;
			buildActionMask = 2147483647;
			files = (
				5952180B1F61E84E001A94A2 /* Socket.h in Headers */,
			);
			runOnlyForDeploymentPostprocessing = 0;
		};
		8C5FEE951FC319F7002F4CAA /* Headers */ = {
			isa = PBXHeadersBuildPhase;
			buildActionMask = 2147483647;
			files = (
				8C5FEE961FC319F7002F4CAA /* Socket.h in Headers */,
			);
			runOnlyForDeploymentPostprocessing = 0;
		};
		8CC36DFC1C4EA1BE00BAA659 /* Headers */ = {
			isa = PBXHeadersBuildPhase;
			buildActionMask = 2147483647;
			files = (
				8C62D4C01F66D9B000F2B7A7 /* Socket.h in Headers */,
			);
			runOnlyForDeploymentPostprocessing = 0;
		};
/* End PBXHeadersBuildPhase section */

/* Begin PBXNativeTarget section */
		8C0F4BF51C4E84CC008B2B0A /* Socket */ = {
			isa = PBXNativeTarget;
			buildConfigurationList = 8C0F4BFE1C4E84CC008B2B0A /* Build configuration list for PBXNativeTarget "Socket" */;
			buildPhases = (
				8C0F4BF11C4E84CC008B2B0A /* Sources */,
				8C0F4BF21C4E84CC008B2B0A /* Frameworks */,
				8C0F4BF31C4E84CC008B2B0A /* Headers */,
				8C0F4BF41C4E84CC008B2B0A /* Resources */,
			);
			buildRules = (
			);
			dependencies = (
			);
			name = Socket;
			productName = ETSocket;
			productReference = 8C0F4BF61C4E84CC008B2B0A /* Socket.framework */;
			productType = "com.apple.product-type.framework";
		};
		8C5FEE8F1FC319F7002F4CAA /* Socket-tvOS */ = {
			isa = PBXNativeTarget;
			buildConfigurationList = 8C5FEE981FC319F7002F4CAA /* Build configuration list for PBXNativeTarget "Socket-tvOS" */;
			buildPhases = (
				8C5FEE901FC319F7002F4CAA /* Sources */,
				8C5FEE941FC319F7002F4CAA /* Frameworks */,
				8C5FEE951FC319F7002F4CAA /* Headers */,
				8C5FEE971FC319F7002F4CAA /* Resources */,
			);
			buildRules = (
			);
			dependencies = (
			);
			name = "Socket-tvOS";
			productName = ETSocket;
			productReference = 8C5FEE9B1FC319F7002F4CAA /* Socket.framework */;
			productType = "com.apple.product-type.framework";
		};
		8CA9B1621C98A00400E607FB /* SocketTests */ = {
			isa = PBXNativeTarget;
			buildConfigurationList = 8CA9B16D1C98A00400E607FB /* Build configuration list for PBXNativeTarget "SocketTests" */;
			buildPhases = (
				8CA9B15F1C98A00400E607FB /* Sources */,
				8CA9B1601C98A00400E607FB /* Frameworks */,
				8CA9B1611C98A00400E607FB /* Resources */,
			);
			buildRules = (
			);
			dependencies = (
				8CA9B16A1C98A00400E607FB /* PBXTargetDependency */,
			);
			name = SocketTests;
			productName = BlueSocketTests;
			productReference = 8CA9B1631C98A00400E607FB /* SocketTests.xctest */;
			productType = "com.apple.product-type.bundle.unit-test";
		};
		8CC36DF61C4EA1BE00BAA659 /* Socket-iOS */ = {
			isa = PBXNativeTarget;
			buildConfigurationList = 8CC36DFF1C4EA1BE00BAA659 /* Build configuration list for PBXNativeTarget "Socket-iOS" */;
			buildPhases = (
				8CC36DF71C4EA1BE00BAA659 /* Sources */,
				8CC36DFB1C4EA1BE00BAA659 /* Frameworks */,
				8CC36DFC1C4EA1BE00BAA659 /* Headers */,
				8CC36DFE1C4EA1BE00BAA659 /* Resources */,
			);
			buildRules = (
			);
			dependencies = (
			);
			name = "Socket-iOS";
			productName = ETSocket;
			productReference = 8CC36E021C4EA1BE00BAA659 /* Socket.framework */;
			productType = "com.apple.product-type.framework";
		};
/* End PBXNativeTarget section */

/* Begin PBXProject section */
		8C0F4BED1C4E84CC008B2B0A /* Project object */ = {
			isa = PBXProject;
			attributes = {
				LastSwiftUpdateCheck = 0730;
				LastUpgradeCheck = 0930;
				ORGANIZATIONNAME = IBM;
				TargetAttributes = {
					8C0F4BF51C4E84CC008B2B0A = {
						CreatedOnToolsVersion = 7.2;
						LastSwiftMigration = 0900;
					};
					8CA9B1621C98A00400E607FB = {
						CreatedOnToolsVersion = 7.3;
						LastSwiftMigration = 0900;
					};
					8CC36DF61C4EA1BE00BAA659 = {
						DevelopmentTeam = 2ZB889ETZ7;
					};
				};
			};
			buildConfigurationList = 8C0F4BF01C4E84CC008B2B0A /* Build configuration list for PBXProject "BlueSocket" */;
			compatibilityVersion = "Xcode 3.2";
			developmentRegion = English;
			hasScannedForEncodings = 0;
			knownRegions = (
				en,
			);
			mainGroup = 8C0F4BEC1C4E84CC008B2B0A;
			productRefGroup = 8C0F4BF71C4E84CC008B2B0A /* Products */;
			projectDirPath = "";
			projectRoot = "";
			targets = (
				8C0F4BF51C4E84CC008B2B0A /* Socket */,
				8CC36DF61C4EA1BE00BAA659 /* Socket-iOS */,
				8C5FEE8F1FC319F7002F4CAA /* Socket-tvOS */,
				8CA9B1621C98A00400E607FB /* SocketTests */,
			);
		};
/* End PBXProject section */

/* Begin PBXResourcesBuildPhase section */
		8C0F4BF41C4E84CC008B2B0A /* Resources */ = {
			isa = PBXResourcesBuildPhase;
			buildActionMask = 2147483647;
			files = (
				8CC7217B1D4BCB1D00F5FD19 /* LICENSE in Resources */,
				8C51FD591E7C8C8A00C2FDA6 /* BlueSocket.podspec in Resources */,
			);
			runOnlyForDeploymentPostprocessing = 0;
		};
		8C5FEE971FC319F7002F4CAA /* Resources */ = {
			isa = PBXResourcesBuildPhase;
			buildActionMask = 2147483647;
			files = (
			);
			runOnlyForDeploymentPostprocessing = 0;
		};
		8CA9B1611C98A00400E607FB /* Resources */ = {
			isa = PBXResourcesBuildPhase;
			buildActionMask = 2147483647;
			files = (
			);
			runOnlyForDeploymentPostprocessing = 0;
		};
		8CC36DFE1C4EA1BE00BAA659 /* Resources */ = {
			isa = PBXResourcesBuildPhase;
			buildActionMask = 2147483647;
			files = (
			);
			runOnlyForDeploymentPostprocessing = 0;
		};
/* End PBXResourcesBuildPhase section */

/* Begin PBXSourcesBuildPhase section */
		8C0F4BF11C4E84CC008B2B0A /* Sources */ = {
			isa = PBXSourcesBuildPhase;
			buildActionMask = 2147483647;
			files = (
				595218041F61E34E001A94A2 /* Socket.swift in Sources */,
				595218011F61E34E001A94A2 /* SocketUtils.swift in Sources */,
				595218051F61E34E001A94A2 /* SocketProtocols.swift in Sources */,
			);
			runOnlyForDeploymentPostprocessing = 0;
		};
		8C5FEE901FC319F7002F4CAA /* Sources */ = {
			isa = PBXSourcesBuildPhase;
			buildActionMask = 2147483647;
			files = (
				8C5FEE911FC319F7002F4CAA /* Socket.swift in Sources */,
				8C5FEE921FC319F7002F4CAA /* SocketProtocols.swift in Sources */,
				8C5FEE931FC319F7002F4CAA /* SocketUtils.swift in Sources */,
			);
			runOnlyForDeploymentPostprocessing = 0;
		};
		8CA9B15F1C98A00400E607FB /* Sources */ = {
			isa = PBXSourcesBuildPhase;
			buildActionMask = 2147483647;
			files = (
				8CF04E291D4FCE4A00C27814 /* SocketTests.swift in Sources */,
				8C8540B21E9FC1DE00E41C1D /* VerifyLinuxTestCount.swift in Sources */,
			);
			runOnlyForDeploymentPostprocessing = 0;
		};
		8CC36DF71C4EA1BE00BAA659 /* Sources */ = {
			isa = PBXSourcesBuildPhase;
			buildActionMask = 2147483647;
			files = (
				8C62D4BD1F66D99300F2B7A7 /* Socket.swift in Sources */,
				8C62D4BE1F66D99300F2B7A7 /* SocketProtocols.swift in Sources */,
				8C62D4BF1F66D99300F2B7A7 /* SocketUtils.swift in Sources */,
			);
			runOnlyForDeploymentPostprocessing = 0;
		};
/* End PBXSourcesBuildPhase section */

/* Begin PBXTargetDependency section */
		8CA9B16A1C98A00400E607FB /* PBXTargetDependency */ = {
			isa = PBXTargetDependency;
			target = 8C0F4BF51C4E84CC008B2B0A /* Socket */;
			targetProxy = 8CA9B1691C98A00400E607FB /* PBXContainerItemProxy */;
		};
/* End PBXTargetDependency section */

/* Begin XCBuildConfiguration section */
		8C0F4BFC1C4E84CC008B2B0A /* Debug */ = {
			isa = XCBuildConfiguration;
			buildSettings = {
				ALWAYS_SEARCH_USER_PATHS = NO;
				CLANG_CXX_LANGUAGE_STANDARD = "gnu++0x";
				CLANG_CXX_LIBRARY = "libc++";
				CLANG_ENABLE_MODULES = YES;
				CLANG_ENABLE_OBJC_ARC = YES;
				CLANG_WARN_BLOCK_CAPTURE_AUTORELEASING = YES;
				CLANG_WARN_BOOL_CONVERSION = YES;
				CLANG_WARN_COMMA = YES;
				CLANG_WARN_CONSTANT_CONVERSION = YES;
				CLANG_WARN_DEPRECATED_OBJC_IMPLEMENTATIONS = YES;
				CLANG_WARN_DIRECT_OBJC_ISA_USAGE = YES_ERROR;
				CLANG_WARN_EMPTY_BODY = YES;
				CLANG_WARN_ENUM_CONVERSION = YES;
				CLANG_WARN_INFINITE_RECURSION = YES;
				CLANG_WARN_INT_CONVERSION = YES;
				CLANG_WARN_NON_LITERAL_NULL_CONVERSION = YES;
				CLANG_WARN_OBJC_IMPLICIT_RETAIN_SELF = YES;
				CLANG_WARN_OBJC_LITERAL_CONVERSION = YES;
				CLANG_WARN_OBJC_ROOT_CLASS = YES_ERROR;
				CLANG_WARN_RANGE_LOOP_ANALYSIS = YES;
				CLANG_WARN_STRICT_PROTOTYPES = YES;
				CLANG_WARN_SUSPICIOUS_MOVE = YES;
				CLANG_WARN_UNREACHABLE_CODE = YES;
				CLANG_WARN__DUPLICATE_METHOD_MATCH = YES;
				CODE_SIGN_IDENTITY = "-";
				COPY_PHASE_STRIP = NO;
				CURRENT_PROJECT_VERSION = 1;
				DEBUG_INFORMATION_FORMAT = dwarf;
				ENABLE_STRICT_OBJC_MSGSEND = YES;
				ENABLE_TESTABILITY = YES;
				GCC_C_LANGUAGE_STANDARD = gnu99;
				GCC_DYNAMIC_NO_PIC = NO;
				GCC_NO_COMMON_BLOCKS = YES;
				GCC_OPTIMIZATION_LEVEL = 0;
				GCC_PREPROCESSOR_DEFINITIONS = (
					"DEBUG=1",
					"$(inherited)",
				);
				GCC_WARN_64_TO_32_BIT_CONVERSION = YES;
				GCC_WARN_ABOUT_RETURN_TYPE = YES_ERROR;
				GCC_WARN_UNDECLARED_SELECTOR = YES;
				GCC_WARN_UNINITIALIZED_AUTOS = YES_AGGRESSIVE;
				GCC_WARN_UNUSED_FUNCTION = YES;
				GCC_WARN_UNUSED_VARIABLE = YES;
				IPHONEOS_DEPLOYMENT_TARGET = 10.0;
				MACOSX_DEPLOYMENT_TARGET = 10.11;
				MTL_ENABLE_DEBUG_INFO = YES;
				ONLY_ACTIVE_ARCH = YES;
				SDKROOT = macosx;
				SWIFT_OPTIMIZATION_LEVEL = "-Onone";
				SWIFT_VERSION = 3.0;
				VERSIONING_SYSTEM = "apple-generic";
				VERSION_INFO_PREFIX = "";
			};
			name = Debug;
		};
		8C0F4BFD1C4E84CC008B2B0A /* Release */ = {
			isa = XCBuildConfiguration;
			buildSettings = {
				ALWAYS_SEARCH_USER_PATHS = NO;
				CLANG_CXX_LANGUAGE_STANDARD = "gnu++0x";
				CLANG_CXX_LIBRARY = "libc++";
				CLANG_ENABLE_MODULES = YES;
				CLANG_ENABLE_OBJC_ARC = YES;
				CLANG_WARN_BLOCK_CAPTURE_AUTORELEASING = YES;
				CLANG_WARN_BOOL_CONVERSION = YES;
				CLANG_WARN_COMMA = YES;
				CLANG_WARN_CONSTANT_CONVERSION = YES;
				CLANG_WARN_DEPRECATED_OBJC_IMPLEMENTATIONS = YES;
				CLANG_WARN_DIRECT_OBJC_ISA_USAGE = YES_ERROR;
				CLANG_WARN_EMPTY_BODY = YES;
				CLANG_WARN_ENUM_CONVERSION = YES;
				CLANG_WARN_INFINITE_RECURSION = YES;
				CLANG_WARN_INT_CONVERSION = YES;
				CLANG_WARN_NON_LITERAL_NULL_CONVERSION = YES;
				CLANG_WARN_OBJC_IMPLICIT_RETAIN_SELF = YES;
				CLANG_WARN_OBJC_LITERAL_CONVERSION = YES;
				CLANG_WARN_OBJC_ROOT_CLASS = YES_ERROR;
				CLANG_WARN_RANGE_LOOP_ANALYSIS = YES;
				CLANG_WARN_STRICT_PROTOTYPES = YES;
				CLANG_WARN_SUSPICIOUS_MOVE = YES;
				CLANG_WARN_UNREACHABLE_CODE = YES;
				CLANG_WARN__DUPLICATE_METHOD_MATCH = YES;
				CODE_SIGN_IDENTITY = "-";
				COPY_PHASE_STRIP = NO;
				CURRENT_PROJECT_VERSION = 1;
				DEBUG_INFORMATION_FORMAT = "dwarf-with-dsym";
				ENABLE_NS_ASSERTIONS = NO;
				ENABLE_STRICT_OBJC_MSGSEND = YES;
				GCC_C_LANGUAGE_STANDARD = gnu99;
				GCC_NO_COMMON_BLOCKS = YES;
				GCC_WARN_64_TO_32_BIT_CONVERSION = YES;
				GCC_WARN_ABOUT_RETURN_TYPE = YES_ERROR;
				GCC_WARN_UNDECLARED_SELECTOR = YES;
				GCC_WARN_UNINITIALIZED_AUTOS = YES_AGGRESSIVE;
				GCC_WARN_UNUSED_FUNCTION = YES;
				GCC_WARN_UNUSED_VARIABLE = YES;
				IPHONEOS_DEPLOYMENT_TARGET = 10.0;
				MACOSX_DEPLOYMENT_TARGET = 10.11;
				MTL_ENABLE_DEBUG_INFO = NO;
				SDKROOT = macosx;
				SWIFT_VERSION = 3.0;
				VERSIONING_SYSTEM = "apple-generic";
				VERSION_INFO_PREFIX = "";
			};
			name = Release;
		};
		8C0F4BFF1C4E84CC008B2B0A /* Debug */ = {
			isa = XCBuildConfiguration;
			buildSettings = {
				CLANG_ENABLE_MODULES = YES;
				CODE_SIGN_IDENTITY = "";
				COMBINE_HIDPI_IMAGES = YES;
				DEFINES_MODULE = YES;
				DYLIB_COMPATIBILITY_VERSION = 1;
				DYLIB_CURRENT_VERSION = 1;
				DYLIB_INSTALL_NAME_BASE = "@rpath";
				FRAMEWORK_VERSION = A;
				INFOPLIST_FILE = "$(SRCROOT)/Sources/Socket/Info.plist";
				INSTALL_PATH = "$(LOCAL_LIBRARY_DIR)/Frameworks";
				IPHONEOS_DEPLOYMENT_TARGET = 10.0;
				LD_RUNPATH_SEARCH_PATHS = "$(inherited) @executable_path/../Frameworks @loader_path/Frameworks";
				PRODUCT_BUNDLE_IDENTIFIER = com.ibm.oss.Socket;
				PRODUCT_NAME = Socket;
				SKIP_INSTALL = YES;
				SWIFT_OPTIMIZATION_LEVEL = "-Onone";
			};
			name = Debug;
		};
		8C0F4C001C4E84CC008B2B0A /* Release */ = {
			isa = XCBuildConfiguration;
			buildSettings = {
				CLANG_ENABLE_MODULES = YES;
				CODE_SIGN_IDENTITY = "";
				COMBINE_HIDPI_IMAGES = YES;
				DEFINES_MODULE = YES;
				DYLIB_COMPATIBILITY_VERSION = 1;
				DYLIB_CURRENT_VERSION = 1;
				DYLIB_INSTALL_NAME_BASE = "@rpath";
				FRAMEWORK_VERSION = A;
				INFOPLIST_FILE = "$(SRCROOT)/Sources/Socket/Info.plist";
				INSTALL_PATH = "$(LOCAL_LIBRARY_DIR)/Frameworks";
				IPHONEOS_DEPLOYMENT_TARGET = 10.0;
				LD_RUNPATH_SEARCH_PATHS = "$(inherited) @executable_path/../Frameworks @loader_path/Frameworks";
				PRODUCT_BUNDLE_IDENTIFIER = com.ibm.oss.Socket;
				PRODUCT_NAME = Socket;
				SKIP_INSTALL = YES;
				SWIFT_OPTIMIZATION_LEVEL = "-Owholemodule";
			};
			name = Release;
		};
		8C5FEE991FC319F7002F4CAA /* Debug */ = {
			isa = XCBuildConfiguration;
			buildSettings = {
				CLANG_ENABLE_MODULES = YES;
				CODE_SIGN_IDENTITY = "iPhone Developer";
				"CODE_SIGN_IDENTITY[sdk=appletvos*]" = "";
				"CODE_SIGN_IDENTITY[sdk=iphoneos*]" = "";
				COMBINE_HIDPI_IMAGES = YES;
				DEFINES_MODULE = YES;
				DYLIB_COMPATIBILITY_VERSION = 1;
				DYLIB_CURRENT_VERSION = 1;
				DYLIB_INSTALL_NAME_BASE = "@rpath";
				FRAMEWORK_VERSION = A;
				INFOPLIST_FILE = "$(SRCROOT)/Sources/Socket/Info.plist";
				INSTALL_PATH = "$(LOCAL_LIBRARY_DIR)/Frameworks";
				IPHONEOS_DEPLOYMENT_TARGET = 10.0;
				LD_RUNPATH_SEARCH_PATHS = "$(inherited) @executable_path/../Frameworks @loader_path/Frameworks";
				PRODUCT_BUNDLE_IDENTIFIER = com.ibm.oss.Socket;
				PRODUCT_NAME = Socket;
				SDKROOT = appletvos;
				SKIP_INSTALL = YES;
				SWIFT_OPTIMIZATION_LEVEL = "-Onone";
				SWIFT_VERSION = 4.0;
			};
			name = Debug;
		};
		8C5FEE9A1FC319F7002F4CAA /* Release */ = {
			isa = XCBuildConfiguration;
			buildSettings = {
				CLANG_ENABLE_MODULES = YES;
				CODE_SIGN_IDENTITY = "iPhone Developer";
				"CODE_SIGN_IDENTITY[sdk=appletvos*]" = "";
				"CODE_SIGN_IDENTITY[sdk=iphoneos*]" = "";
				COMBINE_HIDPI_IMAGES = YES;
				DEFINES_MODULE = YES;
				DYLIB_COMPATIBILITY_VERSION = 1;
				DYLIB_CURRENT_VERSION = 1;
				DYLIB_INSTALL_NAME_BASE = "@rpath";
				FRAMEWORK_VERSION = A;
				INFOPLIST_FILE = "$(SRCROOT)/Sources/Socket/Info.plist";
				INSTALL_PATH = "$(LOCAL_LIBRARY_DIR)/Frameworks";
				IPHONEOS_DEPLOYMENT_TARGET = 10.0;
				LD_RUNPATH_SEARCH_PATHS = "$(inherited) @executable_path/../Frameworks @loader_path/Frameworks";
				PRODUCT_BUNDLE_IDENTIFIER = com.ibm.oss.Socket;
				PRODUCT_NAME = Socket;
				SDKROOT = appletvos;
				SKIP_INSTALL = YES;
				SWIFT_OPTIMIZATION_LEVEL = "-Owholemodule";
				SWIFT_VERSION = 4.0;
			};
			name = Release;
		};
		8CA9B16B1C98A00400E607FB /* Debug */ = {
			isa = XCBuildConfiguration;
			buildSettings = {
				CLANG_ANALYZER_NONNULL = YES;
				COMBINE_HIDPI_IMAGES = YES;
				INFOPLIST_FILE = Tests/SocketTests/Info.plist;
				LD_RUNPATH_SEARCH_PATHS = "$(inherited) @executable_path/../Frameworks @loader_path/../Frameworks";
				PRODUCT_BUNDLE_IDENTIFIER = com.ibm.oss.SocketTests;
				PRODUCT_NAME = "$(TARGET_NAME)";
			};
			name = Debug;
		};
		8CA9B16C1C98A00400E607FB /* Release */ = {
			isa = XCBuildConfiguration;
			buildSettings = {
				CLANG_ANALYZER_NONNULL = YES;
				COMBINE_HIDPI_IMAGES = YES;
				INFOPLIST_FILE = Tests/SocketTests/Info.plist;
				LD_RUNPATH_SEARCH_PATHS = "$(inherited) @executable_path/../Frameworks @loader_path/../Frameworks";
				PRODUCT_BUNDLE_IDENTIFIER = com.ibm.oss.SocketTests;
				PRODUCT_NAME = "$(TARGET_NAME)";
				SWIFT_OPTIMIZATION_LEVEL = "-Owholemodule";
			};
			name = Release;
		};
		8CC36E001C4EA1BE00BAA659 /* Debug */ = {
			isa = XCBuildConfiguration;
			buildSettings = {
				CLANG_ENABLE_MODULES = YES;
				CODE_SIGN_IDENTITY = "iPhone Developer";
				"CODE_SIGN_IDENTITY[sdk=iphoneos*]" = "";
				COMBINE_HIDPI_IMAGES = YES;
				DEFINES_MODULE = YES;
				DYLIB_COMPATIBILITY_VERSION = 1;
				DYLIB_CURRENT_VERSION = 1;
				DYLIB_INSTALL_NAME_BASE = "@rpath";
				FRAMEWORK_VERSION = A;
				INFOPLIST_FILE = "$(SRCROOT)/Sources/Socket/Info.plist";
				INSTALL_PATH = "$(LOCAL_LIBRARY_DIR)/Frameworks";
				IPHONEOS_DEPLOYMENT_TARGET = 10.0;
				LD_RUNPATH_SEARCH_PATHS = "$(inherited) @executable_path/../Frameworks @loader_path/Frameworks";
				PRODUCT_BUNDLE_IDENTIFIER = com.ibm.oss.Socket;
				PRODUCT_NAME = Socket;
				SDKROOT = iphoneos;
				SKIP_INSTALL = YES;
				SWIFT_OPTIMIZATION_LEVEL = "-Onone";
				SWIFT_VERSION = 4.0;
			};
			name = Debug;
		};
		8CC36E011C4EA1BE00BAA659 /* Release */ = {
			isa = XCBuildConfiguration;
			buildSettings = {
				CLANG_ENABLE_MODULES = YES;
				CODE_SIGN_IDENTITY = "iPhone Developer";
				"CODE_SIGN_IDENTITY[sdk=iphoneos*]" = "";
				COMBINE_HIDPI_IMAGES = YES;
				DEFINES_MODULE = YES;
				DYLIB_COMPATIBILITY_VERSION = 1;
				DYLIB_CURRENT_VERSION = 1;
				DYLIB_INSTALL_NAME_BASE = "@rpath";
				FRAMEWORK_VERSION = A;
				INFOPLIST_FILE = "$(SRCROOT)/Sources/Socket/Info.plist";
				INSTALL_PATH = "$(LOCAL_LIBRARY_DIR)/Frameworks";
				IPHONEOS_DEPLOYMENT_TARGET = 10.0;
				LD_RUNPATH_SEARCH_PATHS = "$(inherited) @executable_path/../Frameworks @loader_path/Frameworks";
				PRODUCT_BUNDLE_IDENTIFIER = com.ibm.oss.Socket;
				PRODUCT_NAME = Socket;
				SDKROOT = iphoneos;
				SKIP_INSTALL = YES;
				SWIFT_OPTIMIZATION_LEVEL = "-Owholemodule";
				SWIFT_VERSION = 4.0;
			};
			name = Release;
		};
/* End XCBuildConfiguration section */

/* Begin XCConfigurationList section */
		8C0F4BF01C4E84CC008B2B0A /* Build configuration list for PBXProject "BlueSocket" */ = {
			isa = XCConfigurationList;
			buildConfigurations = (
				8C0F4BFC1C4E84CC008B2B0A /* Debug */,
				8C0F4BFD1C4E84CC008B2B0A /* Release */,
			);
			defaultConfigurationIsVisible = 0;
			defaultConfigurationName = Release;
		};
		8C0F4BFE1C4E84CC008B2B0A /* Build configuration list for PBXNativeTarget "Socket" */ = {
			isa = XCConfigurationList;
			buildConfigurations = (
				8C0F4BFF1C4E84CC008B2B0A /* Debug */,
				8C0F4C001C4E84CC008B2B0A /* Release */,
			);
			defaultConfigurationIsVisible = 0;
			defaultConfigurationName = Release;
		};
		8C5FEE981FC319F7002F4CAA /* Build configuration list for PBXNativeTarget "Socket-tvOS" */ = {
			isa = XCConfigurationList;
			buildConfigurations = (
				8C5FEE991FC319F7002F4CAA /* Debug */,
				8C5FEE9A1FC319F7002F4CAA /* Release */,
			);
			defaultConfigurationIsVisible = 0;
			defaultConfigurationName = Release;
		};
		8CA9B16D1C98A00400E607FB /* Build configuration list for PBXNativeTarget "SocketTests" */ = {
			isa = XCConfigurationList;
			buildConfigurations = (
				8CA9B16B1C98A00400E607FB /* Debug */,
				8CA9B16C1C98A00400E607FB /* Release */,
			);
			defaultConfigurationIsVisible = 0;
			defaultConfigurationName = Release;
		};
		8CC36DFF1C4EA1BE00BAA659 /* Build configuration list for PBXNativeTarget "Socket-iOS" */ = {
			isa = XCConfigurationList;
			buildConfigurations = (
				8CC36E001C4EA1BE00BAA659 /* Debug */,
				8CC36E011C4EA1BE00BAA659 /* Release */,
			);
			defaultConfigurationIsVisible = 0;
			defaultConfigurationName = Release;
		};
/* End XCConfigurationList section */
	};
	rootObject = 8C0F4BED1C4E84CC008B2B0A /* Project object */;
}
